
Microsoft Visual Studio Solution File, Format Version 12.00
# Visual Studio Version 17
VisualStudioVersion = 17.10.35013.160
MinimumVisualStudioVersion = 10.0.40219.1
Project("{FAE04EC0-301F-11D3-BF4B-00C04F79EFBC}") = "RealEstateListingsManager", "RealEstateListingsManager\RealEstateListingsManager.csproj", "{386B022A-4D05-4929-94F3-152D11277376}"
EndProject
Global
	GlobalSection(SolutionConfigurationPlatforms) = preSolution
		Debug|Any CPU = Debug|Any CPU
		Release|Any CPU = Release|Any CPU
	EndGlobalSection
	GlobalSection(ProjectConfigurationPlatforms) = postSolution
		{386B022A-4D05-4929-94F3-152D11277376}.Debug|Any CPU.ActiveCfg = Debug|Any CPU
		{386B022A-4D05-4929-94F3-152D11277376}.Debug|Any CPU.Build.0 = Debug|Any CPU
		{386B022A-4D05-4929-94F3-152D11277376}.Release|Any CPU.ActiveCfg = Release|Any CPU
		{386B022A-4D05-4929-94F3-152D11277376}.Release|Any CPU.Build.0 = Release|Any CPU
	EndGlobalSection
	GlobalSection(SolutionProperties) = preSolution
		HideSolutionNode = FALSE
	EndGlobalSection
	GlobalSection(ExtensibilityGlobals) = postSolution
		SolutionGuid = {95A0BDEE-DB87-445E-BD4C-E73CB402679E}
	EndGlobalSection
EndGlobal
